// !$*UTF8*$!
{
	archiveVersion = 1;
	classes = {
	};
	objectVersion = 77;
	objects = {

/* Begin PBXContainerItemProxy section */
		47B9CAE22CEF80C2008ED8C0 /* PBXContainerItemProxy */ = {
			isa = PBXContainerItemProxy;
			containerPortal = 47B9CAC92CEF80C1008ED8C0 /* Project object */;
			proxyType = 1;
			remoteGlobalIDString = 47B9CAD02CEF80C1008ED8C0;
			remoteInfo = ECharge;
		};
		47B9CAEC2CEF80C3008ED8C0 /* PBXContainerItemProxy */ = {
			isa = PBXContainerItemProxy;
			containerPortal = 47B9CAC92CEF80C1008ED8C0 /* Project object */;
			proxyType = 1;
			remoteGlobalIDString = 47B9CAD02CEF80C1008ED8C0;
			remoteInfo = ECharge;
		};
/* End PBXContainerItemProxy section */

/* Begin PBXFileReference section */
		47B9CAD12CEF80C1008ED8C0 /* ECharge.app */ = {isa = PBXFileReference; explicitFileType = wrapper.application; includeInIndex = 0; path = ECharge.app; sourceTree = BUILT_PRODUCTS_DIR; };
		47B9CAE12CEF80C2008ED8C0 /* EChargeTests.xctest */ = {isa = PBXFileReference; explicitFileType = wrapper.cfbundle; includeInIndex = 0; path = EChargeTests.xctest; sourceTree = BUILT_PRODUCTS_DIR; };
		47B9CAEB2CEF80C3008ED8C0 /* EChargeUITests.xctest */ = {isa = PBXFileReference; explicitFileType = wrapper.cfbundle; includeInIndex = 0; path = EChargeUITests.xctest; sourceTree = BUILT_PRODUCTS_DIR; };
/* End PBXFileReference section */

/* Begin PBXFileSystemSynchronizedRootGroup section */
		47B9CAD32CEF80C1008ED8C0 /* ECharge */ = {
			isa = PBXFileSystemSynchronizedRootGroup;
			path = ECharge;
			sourceTree = "<group>";
		};
		47B9CAE42CEF80C2008ED8C0 /* EChargeTests */ = {
			isa = PBXFileSystemSynchronizedRootGroup;
			path = EChargeTests;
			sourceTree = "<group>";
		};
		47B9CAEE2CEF80C3008ED8C0 /* EChargeUITests */ = {
			isa = PBXFileSystemSynchronizedRootGroup;
			path = EChargeUITests;
			sourceTree = "<group>";
		};
/* End PBXFileSystemSynchronizedRootGroup section */

/* Begin PBXFrameworksBuildPhase section */
		47B9CACE2CEF80C1008ED8C0 /* Frameworks */ = {
			isa = PBXFrameworksBuildPhase;
			buildActionMask = 2147483647;
			files = (
			);
			runOnlyForDeploymentPostprocessing = 0;
		};
		47B9CADE2CEF80C2008ED8C0 /* Frameworks */ = {
			isa = PBXFrameworksBuildPhase;
			buildActionMask = 2147483647;
			files = (
			);
			runOnlyForDeploymentPostprocessing = 0;
		};
		47B9CAE82CEF80C3008ED8C0 /* Frameworks */ = {
			isa = PBXFrameworksBuildPhase;
			buildActionMask = 2147483647;
			files = (
			);
			runOnlyForDeploymentPostprocessing = 0;
		};
/* End PBXFrameworksBuildPhase section */

/* Begin PBXGroup section */
		47B9CAC82CEF80C1008ED8C0 = {
			isa = PBXGroup;
			children = (
				47B9CAD32CEF80C1008ED8C0 /* ECharge */,
				47B9CAE42CEF80C2008ED8C0 /* EChargeTests */,
				47B9CAEE2CEF80C3008ED8C0 /* EChargeUITests */,
				47B9CAD22CEF80C1008ED8C0 /* Products */,
			);
			sourceTree = "<group>";
		};
		47B9CAD22CEF80C1008ED8C0 /* Products */ = {
			isa = PBXGroup;
			children = (
				47B9CAD12CEF80C1008ED8C0 /* ECharge.app */,
				47B9CAE12CEF80C2008ED8C0 /* EChargeTests.xctest */,
				47B9CAEB2CEF80C3008ED8C0 /* EChargeUITests.xctest */,
			);
			name = Products;
			sourceTree = "<group>";
		};
/* End PBXGroup section */

/* Begin PBXNativeTarget section */
		47B9CAD02CEF80C1008ED8C0 /* ECharge */ = {
			isa = PBXNativeTarget;
			buildConfigurationList = 47B9CAF52CEF80C3008ED8C0 /* Build configuration list for PBXNativeTarget "ECharge" */;
			buildPhases = (
				47B9CACD2CEF80C1008ED8C0 /* Sources */,
				47B9CACE2CEF80C1008ED8C0 /* Frameworks */,
				47B9CACF2CEF80C1008ED8C0 /* Resources */,
			);
			buildRules = (
			);
			dependencies = (
			);
			fileSystemSynchronizedGroups = (
				47B9CAD32CEF80C1008ED8C0 /* ECharge */,
			);
			name = ECharge;
			packageProductDependencies = (
			);
			productName = ECharge;
			productReference = 47B9CAD12CEF80C1008ED8C0 /* ECharge.app */;
			productType = "com.apple.product-type.application";
		};
		47B9CAE02CEF80C2008ED8C0 /* EChargeTests */ = {
			isa = PBXNativeTarget;
			buildConfigurationList = 47B9CAF82CEF80C3008ED8C0 /* Build configuration list for PBXNativeTarget "EChargeTests" */;
			buildPhases = (
				47B9CADD2CEF80C2008ED8C0 /* Sources */,
				47B9CADE2CEF80C2008ED8C0 /* Frameworks */,
				47B9CADF2CEF80C2008ED8C0 /* Resources */,
			);
			buildRules = (
			);
			dependencies = (
				47B9CAE32CEF80C2008ED8C0 /* PBXTargetDependency */,
			);
			fileSystemSynchronizedGroups = (
				47B9CAE42CEF80C2008ED8C0 /* EChargeTests */,
			);
			name = EChargeTests;
			packageProductDependencies = (
			);
			productName = EChargeTests;
			productReference = 47B9CAE12CEF80C2008ED8C0 /* EChargeTests.xctest */;
			productType = "com.apple.product-type.bundle.unit-test";
		};
		47B9CAEA2CEF80C3008ED8C0 /* EChargeUITests */ = {
			isa = PBXNativeTarget;
			buildConfigurationList = 47B9CAFB2CEF80C3008ED8C0 /* Build configuration list for PBXNativeTarget "EChargeUITests" */;
			buildPhases = (
				47B9CAE72CEF80C3008ED8C0 /* Sources */,
				47B9CAE82CEF80C3008ED8C0 /* Frameworks */,
				47B9CAE92CEF80C3008ED8C0 /* Resources */,
			);
			buildRules = (
			);
			dependencies = (
				47B9CAED2CEF80C3008ED8C0 /* PBXTargetDependency */,
			);
			fileSystemSynchronizedGroups = (
				47B9CAEE2CEF80C3008ED8C0 /* EChargeUITests */,
			);
			name = EChargeUITests;
			packageProductDependencies = (
			);
			productName = EChargeUITests;
			productReference = 47B9CAEB2CEF80C3008ED8C0 /* EChargeUITests.xctest */;
			productType = "com.apple.product-type.bundle.ui-testing";
		};
/* End PBXNativeTarget section */

/* Begin PBXProject section */
		47B9CAC92CEF80C1008ED8C0 /* Project object */ = {
			isa = PBXProject;
			attributes = {
				BuildIndependentTargetsInParallel = 1;
				LastSwiftUpdateCheck = 1600;
				LastUpgradeCheck = 1600;
				TargetAttributes = {
					47B9CAD02CEF80C1008ED8C0 = {
						CreatedOnToolsVersion = 16.0;
					};
					47B9CAE02CEF80C2008ED8C0 = {
						CreatedOnToolsVersion = 16.0;
						TestTargetID = 47B9CAD02CEF80C1008ED8C0;
					};
					47B9CAEA2CEF80C3008ED8C0 = {
						CreatedOnToolsVersion = 16.0;
						TestTargetID = 47B9CAD02CEF80C1008ED8C0;
					};
				};
			};
			buildConfigurationList = 47B9CACC2CEF80C1008ED8C0 /* Build configuration list for PBXProject "ECharge" */;
			developmentRegion = en;
			hasScannedForEncodings = 0;
			knownRegions = (
				en,
				Base,
			);
			mainGroup = 47B9CAC82CEF80C1008ED8C0;
			minimizedProjectReferenceProxies = 1;
			preferredProjectObjectVersion = 77;
			productRefGroup = 47B9CAD22CEF80C1008ED8C0 /* Products */;
			projectDirPath = "";
			projectRoot = "";
			targets = (
				47B9CAD02CEF80C1008ED8C0 /* ECharge */,
				47B9CAE02CEF80C2008ED8C0 /* EChargeTests */,
				47B9CAEA2CEF80C3008ED8C0 /* EChargeUITests */,
			);
		};
/* End PBXProject section */

/* Begin PBXResourcesBuildPhase section */
		47B9CACF2CEF80C1008ED8C0 /* Resources */ = {
			isa = PBXResourcesBuildPhase;
			buildActionMask = 2147483647;
			files = (
			);
			runOnlyForDeploymentPostprocessing = 0;
		};
		47B9CADF2CEF80C2008ED8C0 /* Resources */ = {
			isa = PBXResourcesBuildPhase;
			buildActionMask = 2147483647;
			files = (
			);
			runOnlyForDeploymentPostprocessing = 0;
		};
		47B9CAE92CEF80C3008ED8C0 /* Resources */ = {
			isa = PBXResourcesBuildPhase;
			buildActionMask = 2147483647;
			files = (
			);
			runOnlyForDeploymentPostprocessing = 0;
		};
/* End PBXResourcesBuildPhase section */

/* Begin PBXSourcesBuildPhase section */
		47B9CACD2CEF80C1008ED8C0 /* Sources */ = {
			isa = PBXSourcesBuildPhase;
			buildActionMask = 2147483647;
			files = (
			);
			runOnlyForDeploymentPostprocessing = 0;
		};
		47B9CADD2CEF80C2008ED8C0 /* Sources */ = {
			isa = PBXSourcesBuildPhase;
			buildActionMask = 2147483647;
			files = (
			);
			runOnlyForDeploymentPostprocessing = 0;
		};
		47B9CAE72CEF80C3008ED8C0 /* Sources */ = {
			isa = PBXSourcesBuildPhase;
			buildActionMask = 2147483647;
			files = (
			);
			runOnlyForDeploymentPostprocessing = 0;
		};
/* End PBXSourcesBuildPhase section */

/* Begin PBXTargetDependency section */
		47B9CAE32CEF80C2008ED8C0 /* PBXTargetDependency */ = {
			isa = PBXTargetDependency;
			target = 47B9CAD02CEF80C1008ED8C0 /* ECharge */;
			targetProxy = 47B9CAE22CEF80C2008ED8C0 /* PBXContainerItemProxy */;
		};
		47B9CAED2CEF80C3008ED8C0 /* PBXTargetDependency */ = {
			isa = PBXTargetDependency;
			target = 47B9CAD02CEF80C1008ED8C0 /* ECharge */;
			targetProxy = 47B9CAEC2CEF80C3008ED8C0 /* PBXContainerItemProxy */;
		};
/* End PBXTargetDependency section */

/* Begin XCBuildConfiguration section */
		47B9CAF32CEF80C3008ED8C0 /* Debug */ = {
			isa = XCBuildConfiguration;
			buildSettings = {
				ALWAYS_SEARCH_USER_PATHS = NO;
				ASSETCATALOG_COMPILER_GENERATE_SWIFT_ASSET_SYMBOL_EXTENSIONS = YES;
				CLANG_ANALYZER_NONNULL = YES;
				CLANG_ANALYZER_NUMBER_OBJECT_CONVERSION = YES_AGGRESSIVE;
				CLANG_CXX_LANGUAGE_STANDARD = "gnu++20";
				CLANG_ENABLE_MODULES = YES;
				CLANG_ENABLE_OBJC_ARC = YES;
				CLANG_ENABLE_OBJC_WEAK = YES;
				CLANG_WARN_BLOCK_CAPTURE_AUTORELEASING = YES;
				CLANG_WARN_BOOL_CONVERSION = YES;
				CLANG_WARN_COMMA = YES;
				CLANG_WARN_CONSTANT_CONVERSION = YES;
				CLANG_WARN_DEPRECATED_OBJC_IMPLEMENTATIONS = YES;
				CLANG_WARN_DIRECT_OBJC_ISA_USAGE = YES_ERROR;
				CLANG_WARN_DOCUMENTATION_COMMENTS = YES;
				CLANG_WARN_EMPTY_BODY = YES;
				CLANG_WARN_ENUM_CONVERSION = YES;
				CLANG_WARN_INFINITE_RECURSION = YES;
				CLANG_WARN_INT_CONVERSION = YES;
				CLANG_WARN_NON_LITERAL_NULL_CONVERSION = YES;
				CLANG_WARN_OBJC_IMPLICIT_RETAIN_SELF = YES;
				CLANG_WARN_OBJC_LITERAL_CONVERSION = YES;
				CLANG_WARN_OBJC_ROOT_CLASS = YES_ERROR;
				CLANG_WARN_QUOTED_INCLUDE_IN_FRAMEWORK_HEADER = YES;
				CLANG_WARN_RANGE_LOOP_ANALYSIS = YES;
				CLANG_WARN_STRICT_PROTOTYPES = YES;
				CLANG_WARN_SUSPICIOUS_MOVE = YES;
				CLANG_WARN_UNGUARDED_AVAILABILITY = YES_AGGRESSIVE;
				CLANG_WARN_UNREACHABLE_CODE = YES;
				CLANG_WARN__DUPLICATE_METHOD_MATCH = YES;
				COPY_PHASE_STRIP = NO;
				DEBUG_INFORMATION_FORMAT = dwarf;
				ENABLE_STRICT_OBJC_MSGSEND = YES;
				ENABLE_TESTABILITY = YES;
				ENABLE_USER_SCRIPT_SANDBOXING = YES;
				GCC_C_LANGUAGE_STANDARD = gnu17;
				GCC_DYNAMIC_NO_PIC = NO;
				GCC_NO_COMMON_BLOCKS = YES;
				GCC_OPTIMIZATION_LEVEL = 0;
				GCC_PREPROCESSOR_DEFINITIONS = (
					"DEBUG=1",
					"$(inherited)",
				);
				GCC_WARN_64_TO_32_BIT_CONVERSION = YES;
				GCC_WARN_ABOUT_RETURN_TYPE = YES_ERROR;
				GCC_WARN_UNDECLARED_SELECTOR = YES;
				GCC_WARN_UNINITIALIZED_AUTOS = YES_AGGRESSIVE;
				GCC_WARN_UNUSED_FUNCTION = YES;
				GCC_WARN_UNUSED_VARIABLE = YES;
				IPHONEOS_DEPLOYMENT_TARGET = 18.0;
				LOCALIZATION_PREFERS_STRING_CATALOGS = YES;
				MTL_ENABLE_DEBUG_INFO = INCLUDE_SOURCE;
				MTL_FAST_MATH = YES;
				ONLY_ACTIVE_ARCH = YES;
				SDKROOT = iphoneos;
				SWIFT_ACTIVE_COMPILATION_CONDITIONS = "DEBUG $(inherited)";
				SWIFT_OPTIMIZATION_LEVEL = "-Onone";
			};
			name = Debug;
		};
		47B9CAF42CEF80C3008ED8C0 /* Release */ = {
			isa = XCBuildConfiguration;
			buildSettings = {
				ALWAYS_SEARCH_USER_PATHS = NO;
				ASSETCATALOG_COMPILER_GENERATE_SWIFT_ASSET_SYMBOL_EXTENSIONS = YES;
				CLANG_ANALYZER_NONNULL = YES;
				CLANG_ANALYZER_NUMBER_OBJECT_CONVERSION = YES_AGGRESSIVE;
				CLANG_CXX_LANGUAGE_STANDARD = "gnu++20";
				CLANG_ENABLE_MODULES = YES;
				CLANG_ENABLE_OBJC_ARC = YES;
				CLANG_ENABLE_OBJC_WEAK = YES;
				CLANG_WARN_BLOCK_CAPTURE_AUTORELEASING = YES;
				CLANG_WARN_BOOL_CONVERSION = YES;
				CLANG_WARN_COMMA = YES;
				CLANG_WARN_CONSTANT_CONVERSION = YES;
				CLANG_WARN_DEPRECATED_OBJC_IMPLEMENTATIONS = YES;
				CLANG_WARN_DIRECT_OBJC_ISA_USAGE = YES_ERROR;
				CLANG_WARN_DOCUMENTATION_COMMENTS = YES;
				CLANG_WARN_EMPTY_BODY = YES;
				CLANG_WARN_ENUM_CONVERSION = YES;
				CLANG_WARN_INFINITE_RECURSION = YES;
				CLANG_WARN_INT_CONVERSION = YES;
				CLANG_WARN_NON_LITERAL_NULL_CONVERSION = YES;
				CLANG_WARN_OBJC_IMPLICIT_RETAIN_SELF = YES;
				CLANG_WARN_OBJC_LITERAL_CONVERSION = YES;
				CLANG_WARN_OBJC_ROOT_CLASS = YES_ERROR;
				CLANG_WARN_QUOTED_INCLUDE_IN_FRAMEWORK_HEADER = YES;
				CLANG_WARN_RANGE_LOOP_ANALYSIS = YES;
				CLANG_WARN_STRICT_PROTOTYPES = YES;
				CLANG_WARN_SUSPICIOUS_MOVE = YES;
				CLANG_WARN_UNGUARDED_AVAILABILITY = YES_AGGRESSIVE;
				CLANG_WARN_UNREACHABLE_CODE = YES;
				CLANG_WARN__DUPLICATE_METHOD_MATCH = YES;
				COPY_PHASE_STRIP = NO;
				DEBUG_INFORMATION_FORMAT = "dwarf-with-dsym";
				ENABLE_NS_ASSERTIONS = NO;
				ENABLE_STRICT_OBJC_MSGSEND = YES;
				ENABLE_USER_SCRIPT_SANDBOXING = YES;
				GCC_C_LANGUAGE_STANDARD = gnu17;
				GCC_NO_COMMON_BLOCKS = YES;
				GCC_WARN_64_TO_32_BIT_CONVERSION = YES;
				GCC_WARN_ABOUT_RETURN_TYPE = YES_ERROR;
				GCC_WARN_UNDECLARED_SELECTOR = YES;
				GCC_WARN_UNINITIALIZED_AUTOS = YES_AGGRESSIVE;
				GCC_WARN_UNUSED_FUNCTION = YES;
				GCC_WARN_UNUSED_VARIABLE = YES;
				IPHONEOS_DEPLOYMENT_TARGET = 18.0;
				LOCALIZATION_PREFERS_STRING_CATALOGS = YES;
				MTL_ENABLE_DEBUG_INFO = NO;
				MTL_FAST_MATH = YES;
				SDKROOT = iphoneos;
				SWIFT_COMPILATION_MODE = wholemodule;
				VALIDATE_PRODUCT = YES;
			};
			name = Release;
		};
		47B9CAF62CEF80C3008ED8C0 /* Debug */ = {
			isa = XCBuildConfiguration;
			buildSettings = {
				ASSETCATALOG_COMPILER_APPICON_NAME = AppIcon;
				ASSETCATALOG_COMPILER_GLOBAL_ACCENT_COLOR_NAME = AccentColor;
				CODE_SIGN_STYLE = Automatic;
				CURRENT_PROJECT_VERSION = 1;
				DEVELOPMENT_ASSET_PATHS = "\"ECharge/Preview Content\"";
				ENABLE_PREVIEWS = YES;
				GENERATE_INFOPLIST_FILE = YES;
				INFOPLIST_KEY_UIApplicationSceneManifest_Generation = YES;
				INFOPLIST_KEY_UIApplicationSupportsIndirectInputEvents = YES;
				INFOPLIST_KEY_UILaunchScreen_Generation = YES;
				INFOPLIST_KEY_UISupportedInterfaceOrientations_iPad = "UIInterfaceOrientationPortrait UIInterfaceOrientationPortraitUpsideDown UIInterfaceOrientationLandscapeLeft UIInterfaceOrientationLandscapeRight";
				INFOPLIST_KEY_UISupportedInterfaceOrientations_iPhone = "UIInterfaceOrientationPortrait UIInterfaceOrientationLandscapeLeft UIInterfaceOrientationLandscapeRight";
				LD_RUNPATH_SEARCH_PATHS = (
					"$(inherited)",
					"@executable_path/Frameworks",
				);
				MARKETING_VERSION = 1.0;
				PRODUCT_BUNDLE_IDENTIFIER = com.Test.ECharge;
				PRODUCT_NAME = "$(TARGET_NAME)";
				SWIFT_EMIT_LOC_STRINGS = YES;
				SWIFT_VERSION = 5.0;
				TARGETED_DEVICE_FAMILY = "1,2";
			};
			name = Debug;
		};
		47B9CAF72CEF80C3008ED8C0 /* Release */ = {
			isa = XCBuildConfiguration;
			buildSettings = {
				ASSETCATALOG_COMPILER_APPICON_NAME = AppIcon;
				ASSETCATALOG_COMPILER_GLOBAL_ACCENT_COLOR_NAME = AccentColor;
				CODE_SIGN_STYLE = Automatic;
				CURRENT_PROJECT_VERSION = 1;
				DEVELOPMENT_ASSET_PATHS = "\"ECharge/Preview Content\"";
				ENABLE_PREVIEWS = YES;
				GENERATE_INFOPLIST_FILE = YES;
				INFOPLIST_KEY_UIApplicationSceneManifest_Generation = YES;
				INFOPLIST_KEY_UIApplicationSupportsIndirectInputEvents = YES;
				INFOPLIST_KEY_UILaunchScreen_Generation = YES;
				INFOPLIST_KEY_UISupportedInterfaceOrientations_iPad = "UIInterfaceOrientationPortrait UIInterfaceOrientationPortraitUpsideDown UIInterfaceOrientationLandscapeLeft UIInterfaceOrientationLandscapeRight";
				INFOPLIST_KEY_UISupportedInterfaceOrientations_iPhone = "UIInterfaceOrientationPortrait UIInterfaceOrientationLandscapeLeft UIInterfaceOrientationLandscapeRight";
				LD_RUNPATH_SEARCH_PATHS = (
					"$(inherited)",
					"@executable_path/Frameworks",
				);
				MARKETING_VERSION = 1.0;
				PRODUCT_BUNDLE_IDENTIFIER = com.Test.ECharge;
				PRODUCT_NAME = "$(TARGET_NAME)";
				SWIFT_EMIT_LOC_STRINGS = YES;
				SWIFT_VERSION = 5.0;
				TARGETED_DEVICE_FAMILY = "1,2";
			};
			name = Release;
		};
		47B9CAF92CEF80C3008ED8C0 /* Debug */ = {
			isa = XCBuildConfiguration;
			buildSettings = {
				BUNDLE_LOADER = "$(TEST_HOST)";
				CODE_SIGN_STYLE = Automatic;
				CURRENT_PROJECT_VERSION = 1;
				GENERATE_INFOPLIST_FILE = YES;
				IPHONEOS_DEPLOYMENT_TARGET = 18.0;
				MARKETING_VERSION = 1.0;
				PRODUCT_BUNDLE_IDENTIFIER = com.Test.EChargeTests;
				PRODUCT_NAME = "$(TARGET_NAME)";
				SWIFT_EMIT_LOC_STRINGS = NO;
				SWIFT_VERSION = 5.0;
				TARGETED_DEVICE_FAMILY = "1,2";
				TEST_HOST = "$(BUILT_PRODUCTS_DIR)/ECharge.app/$(BUNDLE_EXECUTABLE_FOLDER_PATH)/ECharge";
			};
			name = Debug;
		};
		47B9CAFA2CEF80C3008ED8C0 /* Release */ = {
			isa = XCBuildConfiguration;
			buildSettings = {
				BUNDLE_LOADER = "$(TEST_HOST)";
				CODE_SIGN_STYLE = Automatic;
				CURRENT_PROJECT_VERSION = 1;
				GENERATE_INFOPLIST_FILE = YES;
				IPHONEOS_DEPLOYMENT_TARGET = 18.0;
				MARKETING_VERSION = 1.0;
				PRODUCT_BUNDLE_IDENTIFIER = com.Test.EChargeTests;
				PRODUCT_NAME = "$(TARGET_NAME)";
				SWIFT_EMIT_LOC_STRINGS = NO;
				SWIFT_VERSION = 5.0;
				TARGETED_DEVICE_FAMILY = "1,2";
				TEST_HOST = "$(BUILT_PRODUCTS_DIR)/ECharge.app/$(BUNDLE_EXECUTABLE_FOLDER_PATH)/ECharge";
			};
			name = Release;
		};
		47B9CAFC2CEF80C3008ED8C0 /* Debug */ = {
			isa = XCBuildConfiguration;
			buildSettings = {
				CODE_SIGN_STYLE = Automatic;
				CURRENT_PROJECT_VERSION = 1;
				GENERATE_INFOPLIST_FILE = YES;
				MARKETING_VERSION = 1.0;
				PRODUCT_BUNDLE_IDENTIFIER = com.Test.EChargeUITests;
				PRODUCT_NAME = "$(TARGET_NAME)";
				SWIFT_EMIT_LOC_STRINGS = NO;
				SWIFT_VERSION = 5.0;
				TARGETED_DEVICE_FAMILY = "1,2";
				TEST_TARGET_NAME = ECharge;
			};
			name = Debug;
		};
		47B9CAFD2CEF80C3008ED8C0 /* Release */ = {
			isa = XCBuildConfiguration;
			buildSettings = {
				CODE_SIGN_STYLE = Automatic;
				CURRENT_PROJECT_VERSION = 1;
				GENERATE_INFOPLIST_FILE = YES;
				MARKETING_VERSION = 1.0;
				PRODUCT_BUNDLE_IDENTIFIER = com.Test.EChargeUITests;
				PRODUCT_NAME = "$(TARGET_NAME)";
				SWIFT_EMIT_LOC_STRINGS = NO;
				SWIFT_VERSION = 5.0;
				TARGETED_DEVICE_FAMILY = "1,2";
				TEST_TARGET_NAME = ECharge;
			};
			name = Release;
		};
/* End XCBuildConfiguration section */

/* Begin XCConfigurationList section */
		47B9CACC2CEF80C1008ED8C0 /* Build configuration list for PBXProject "ECharge" */ = {
			isa = XCConfigurationList;
			buildConfigurations = (
				47B9CAF32CEF80C3008ED8C0 /* Debug */,
				47B9CAF42CEF80C3008ED8C0 /* Release */,
			);
			defaultConfigurationIsVisible = 0;
			defaultConfigurationName = Release;
		};
		47B9CAF52CEF80C3008ED8C0 /* Build configuration list for PBXNativeTarget "ECharge" */ = {
			isa = XCConfigurationList;
			buildConfigurations = (
				47B9CAF62CEF80C3008ED8C0 /* Debug */,
				47B9CAF72CEF80C3008ED8C0 /* Release */,
			);
			defaultConfigurationIsVisible = 0;
			defaultConfigurationName = Release;
		};
		47B9CAF82CEF80C3008ED8C0 /* Build configuration list for PBXNativeTarget "EChargeTests" */ = {
			isa = XCConfigurationList;
			buildConfigurations = (
				47B9CAF92CEF80C3008ED8C0 /* Debug */,
				47B9CAFA2CEF80C3008ED8C0 /* Release */,
			);
			defaultConfigurationIsVisible = 0;
			defaultConfigurationName = Release;
		};
		47B9CAFB2CEF80C3008ED8C0 /* Build configuration list for PBXNativeTarget "EChargeUITests" */ = {
			isa = XCConfigurationList;
			buildConfigurations = (
				47B9CAFC2CEF80C3008ED8C0 /* Debug */,
				47B9CAFD2CEF80C3008ED8C0 /* Release */,
			);
			defaultConfigurationIsVisible = 0;
			defaultConfigurationName = Release;
		};
/* End XCConfigurationList section */
	};
	rootObject = 47B9CAC92CEF80C1008ED8C0 /* Project object */;
}
